
Microsoft Visual Studio Solution File, Format Version 12.00
# Visual Studio Version 16
VisualStudioVersion = 16.0.33423.256
MinimumVisualStudioVersion = 10.0.40219.1
Project("{FAE04EC0-301F-11D3-BF4B-00C04F79EFBC}") = "firstProject", "firstProject\firstProject.csproj", "{58A8845F-146E-4942-8550-12429E5A42BD}"
EndProject
Global
	GlobalSection(SolutionConfigurationPlatforms) = preSolution
		Debug|Any CPU = Debug|Any CPU
		Release|Any CPU = Release|Any CPU
	EndGlobalSection
	GlobalSection(ProjectConfigurationPlatforms) = postSolution
		{58A8845F-146E-4942-8550-12429E5A42BD}.Debug|Any CPU.ActiveCfg = Debug|Any CPU
		{58A8845F-146E-4942-8550-12429E5A42BD}.Debug|Any CPU.Build.0 = Debug|Any CPU
		{58A8845F-146E-4942-8550-12429E5A42BD}.Release|Any CPU.ActiveCfg = Release|Any CPU
		{58A8845F-146E-4942-8550-12429E5A42BD}.Release|Any CPU.Build.0 = Release|Any CPU
	EndGlobalSection
	GlobalSection(SolutionProperties) = preSolution
		HideSolutionNode = FALSE
	EndGlobalSection
	GlobalSection(ExtensibilityGlobals) = postSolution
		SolutionGuid = {7E761173-E22F-4F20-9F02-39376E8CFBF3}
	EndGlobalSection
EndGlobal
